// !$*UTF8*$!
{
	archiveVersion = 1;
	classes = {
	};
	objectVersion = 46;
	objects = {

/* Begin PBXBuildFile section */
		B0C1846F1C8C8ED70039643A /* AppDelegate.swift in Sources */ = {isa = PBXBuildFile; fileRef = B0C1846E1C8C8ED70039643A /* AppDelegate.swift */; };
		B0C184711C8C8ED70039643A /* LoginViewController.swift in Sources */ = {isa = PBXBuildFile; fileRef = B0C184701C8C8ED70039643A /* LoginViewController.swift */; };
		B0C184741C8C8ED70039643A /* Main.storyboard in Resources */ = {isa = PBXBuildFile; fileRef = B0C184721C8C8ED70039643A /* Main.storyboard */; };
		B0C184761C8C8ED70039643A /* Assets.xcassets in Resources */ = {isa = PBXBuildFile; fileRef = B0C184751C8C8ED70039643A /* Assets.xcassets */; };
		B0C184791C8C8ED70039643A /* LaunchScreen.storyboard in Resources */ = {isa = PBXBuildFile; fileRef = B0C184771C8C8ED70039643A /* LaunchScreen.storyboard */; };
		B0C184891C8CA5910039643A /* MapViewController.swift in Sources */ = {isa = PBXBuildFile; fileRef = B0C184881C8CA5910039643A /* MapViewController.swift */; };
		B0C1848B1C8CA7010039643A /* MapTableViewController.swift in Sources */ = {isa = PBXBuildFile; fileRef = B0C1848A1C8CA7010039643A /* MapTableViewController.swift */; };
		B0C1848D1C8CC88B0039643A /* StudentLocation.swift in Sources */ = {isa = PBXBuildFile; fileRef = B0C1848C1C8CC88B0039643A /* StudentLocation.swift */; };
		B0C1848F1C8CDB290039643A /* StudentTableViewCell.swift in Sources */ = {isa = PBXBuildFile; fileRef = B0C1848E1C8CDB290039643A /* StudentTableViewCell.swift */; };
/* End PBXBuildFile section */

/* Begin PBXFileReference section */
		B0C1846B1C8C8ED70039643A /* OnTheMap.app */ = {isa = PBXFileReference; explicitFileType = wrapper.application; includeInIndex = 0; path = OnTheMap.app; sourceTree = BUILT_PRODUCTS_DIR; };
		B0C1846E1C8C8ED70039643A /* AppDelegate.swift */ = {isa = PBXFileReference; lastKnownFileType = sourcecode.swift; path = AppDelegate.swift; sourceTree = "<group>"; };
		B0C184701C8C8ED70039643A /* LoginViewController.swift */ = {isa = PBXFileReference; lastKnownFileType = sourcecode.swift; path = LoginViewController.swift; sourceTree = "<group>"; };
		B0C184731C8C8ED70039643A /* Base */ = {isa = PBXFileReference; lastKnownFileType = file.storyboard; name = Base; path = Base.lproj/Main.storyboard; sourceTree = "<group>"; };
		B0C184751C8C8ED70039643A /* Assets.xcassets */ = {isa = PBXFileReference; lastKnownFileType = folder.assetcatalog; path = Assets.xcassets; sourceTree = "<group>"; };
		B0C184781C8C8ED70039643A /* Base */ = {isa = PBXFileReference; lastKnownFileType = file.storyboard; name = Base; path = Base.lproj/LaunchScreen.storyboard; sourceTree = "<group>"; };
		B0C1847A1C8C8ED70039643A /* Info.plist */ = {isa = PBXFileReference; lastKnownFileType = text.plist.xml; path = Info.plist; sourceTree = "<group>"; };
		B0C184881C8CA5910039643A /* MapViewController.swift */ = {isa = PBXFileReference; fileEncoding = 4; lastKnownFileType = sourcecode.swift; path = MapViewController.swift; sourceTree = "<group>"; };
		B0C1848A1C8CA7010039643A /* MapTableViewController.swift */ = {isa = PBXFileReference; fileEncoding = 4; lastKnownFileType = sourcecode.swift; path = MapTableViewController.swift; sourceTree = "<group>"; };
		B0C1848C1C8CC88B0039643A /* StudentLocation.swift */ = {isa = PBXFileReference; fileEncoding = 4; lastKnownFileType = sourcecode.swift; path = StudentLocation.swift; sourceTree = "<group>"; };
		B0C1848E1C8CDB290039643A /* StudentTableViewCell.swift */ = {isa = PBXFileReference; fileEncoding = 4; lastKnownFileType = sourcecode.swift; path = StudentTableViewCell.swift; sourceTree = "<group>"; };
/* End PBXFileReference section */

/* Begin PBXFrameworksBuildPhase section */
		B0C184681C8C8ED70039643A /* Frameworks */ = {
			isa = PBXFrameworksBuildPhase;
			buildActionMask = 2147483647;
			files = (
			);
			runOnlyForDeploymentPostprocessing = 0;
		};
/* End PBXFrameworksBuildPhase section */

/* Begin PBXGroup section */
		B0C184621C8C8ED70039643A = {
			isa = PBXGroup;
			children = (
				B0C1846D1C8C8ED70039643A /* OnTheMap */,
				B0C1846C1C8C8ED70039643A /* Products */,
			);
			sourceTree = "<group>";
		};
		B0C1846C1C8C8ED70039643A /* Products */ = {
			isa = PBXGroup;
			children = (
				B0C1846B1C8C8ED70039643A /* OnTheMap.app */,
			);
			name = Products;
			sourceTree = "<group>";
		};
		B0C1846D1C8C8ED70039643A /* OnTheMap */ = {
			isa = PBXGroup;
			children = (
				B0C1846E1C8C8ED70039643A /* AppDelegate.swift */,
				B0C184701C8C8ED70039643A /* LoginViewController.swift */,
				B0C184721C8C8ED70039643A /* Main.storyboard */,
				B0C184881C8CA5910039643A /* MapViewController.swift */,
				B0C1848C1C8CC88B0039643A /* StudentLocation.swift */,
				B0C1848A1C8CA7010039643A /* MapTableViewController.swift */,
				B0C1848E1C8CDB290039643A /* StudentTableViewCell.swift */,
				B0C184801C8C8EF70039643A /* Support Files */,
			);
			path = OnTheMap;
			sourceTree = "<group>";
		};
		B0C184801C8C8EF70039643A /* Support Files */ = {
			isa = PBXGroup;
			children = (
				B0C184751C8C8ED70039643A /* Assets.xcassets */,
				B0C184771C8C8ED70039643A /* LaunchScreen.storyboard */,
				B0C1847A1C8C8ED70039643A /* Info.plist */,
			);
			name = "Support Files";
			sourceTree = "<group>";
		};
/* End PBXGroup section */

/* Begin PBXNativeTarget section */
		B0C1846A1C8C8ED70039643A /* OnTheMap */ = {
			isa = PBXNativeTarget;
			buildConfigurationList = B0C1847D1C8C8ED70039643A /* Build configuration list for PBXNativeTarget "OnTheMap" */;
			buildPhases = (
				B0C184671C8C8ED70039643A /* Sources */,
				B0C184681C8C8ED70039643A /* Frameworks */,
				B0C184691C8C8ED70039643A /* Resources */,
			);
			buildRules = (
			);
			dependencies = (
			);
			name = OnTheMap;
			productName = OnTheMap;
			productReference = B0C1846B1C8C8ED70039643A /* OnTheMap.app */;
			productType = "com.apple.product-type.application";
		};
/* End PBXNativeTarget section */

/* Begin PBXProject section */
		B0C184631C8C8ED70039643A /* Project object */ = {
			isa = PBXProject;
			attributes = {
				LastSwiftUpdateCheck = 0720;
				LastUpgradeCheck = 0720;
				ORGANIZATIONNAME = "Steven Xu";
				TargetAttributes = {
					B0C1846A1C8C8ED70039643A = {
						CreatedOnToolsVersion = 7.2.1;
					};
				};
			};
			buildConfigurationList = B0C184661C8C8ED70039643A /* Build configuration list for PBXProject "OnTheMap" */;
			compatibilityVersion = "Xcode 3.2";
			developmentRegion = English;
			hasScannedForEncodings = 0;
			knownRegions = (
				en,
				Base,
			);
			mainGroup = B0C184621C8C8ED70039643A;
			productRefGroup = B0C1846C1C8C8ED70039643A /* Products */;
			projectDirPath = "";
			projectRoot = "";
			targets = (
				B0C1846A1C8C8ED70039643A /* OnTheMap */,
			);
		};
/* End PBXProject section */

/* Begin PBXResourcesBuildPhase section */
		B0C184691C8C8ED70039643A /* Resources */ = {
			isa = PBXResourcesBuildPhase;
			buildActionMask = 2147483647;
			files = (
				B0C184791C8C8ED70039643A /* LaunchScreen.storyboard in Resources */,
				B0C184761C8C8ED70039643A /* Assets.xcassets in Resources */,
				B0C184741C8C8ED70039643A /* Main.storyboard in Resources */,
			);
			runOnlyForDeploymentPostprocessing = 0;
		};
/* End PBXResourcesBuildPhase section */

/* Begin PBXSourcesBuildPhase section */
		B0C184671C8C8ED70039643A /* Sources */ = {
			isa = PBXSourcesBuildPhase;
			buildActionMask = 2147483647;
			files = (
				B0C1848B1C8CA7010039643A /* MapTableViewController.swift in Sources */,
				B0C184711C8C8ED70039643A /* LoginViewController.swift in Sources */,
				B0C184891C8CA5910039643A /* MapViewController.swift in Sources */,
				B0C1848D1C8CC88B0039643A /* StudentLocation.swift in Sources */,
				B0C1846F1C8C8ED70039643A /* AppDelegate.swift in Sources */,
				B0C1848F1C8CDB290039643A /* StudentTableViewCell.swift in Sources */,
			);
			runOnlyForDeploymentPostprocessing = 0;
		};
/* End PBXSourcesBuildPhase section */

/* Begin PBXVariantGroup section */
		B0C184721C8C8ED70039643A /* Main.storyboard */ = {
			isa = PBXVariantGroup;
			children = (
				B0C184731C8C8ED70039643A /* Base */,
			);
			name = Main.storyboard;
			sourceTree = "<group>";
		};
		B0C184771C8C8ED70039643A /* LaunchScreen.storyboard */ = {
			isa = PBXVariantGroup;
			children = (
				B0C184781C8C8ED70039643A /* Base */,
			);
			name = LaunchScreen.storyboard;
			sourceTree = "<group>";
		};
/* End PBXVariantGroup section */

/* Begin XCBuildConfiguration section */
		B0C1847B1C8C8ED70039643A /* Debug */ = {
			isa = XCBuildConfiguration;
			buildSettings = {
				ALWAYS_SEARCH_USER_PATHS = NO;
				CLANG_CXX_LANGUAGE_STANDARD = "gnu++0x";
				CLANG_CXX_LIBRARY = "libc++";
				CLANG_ENABLE_MODULES = YES;
				CLANG_ENABLE_OBJC_ARC = YES;
				CLANG_WARN_BOOL_CONVERSION = YES;
				CLANG_WARN_CONSTANT_CONVERSION = YES;
				CLANG_WARN_DIRECT_OBJC_ISA_USAGE = YES_ERROR;
				CLANG_WARN_EMPTY_BODY = YES;
				CLANG_WARN_ENUM_CONVERSION = YES;
				CLANG_WARN_INT_CONVERSION = YES;
				CLANG_WARN_OBJC_ROOT_CLASS = YES_ERROR;
				CLANG_WARN_UNREACHABLE_CODE = YES;
				CLANG_WARN__DUPLICATE_METHOD_MATCH = YES;
				"CODE_SIGN_IDENTITY[sdk=iphoneos*]" = "iPhone Developer";
				COPY_PHASE_STRIP = NO;
				DEBUG_INFORMATION_FORMAT = dwarf;
				ENABLE_STRICT_OBJC_MSGSEND = YES;
				ENABLE_TESTABILITY = YES;
				GCC_C_LANGUAGE_STANDARD = gnu99;
				GCC_DYNAMIC_NO_PIC = NO;
				GCC_NO_COMMON_BLOCKS = YES;
				GCC_OPTIMIZATION_LEVEL = 0;
				GCC_PREPROCESSOR_DEFINITIONS = (
					"DEBUG=1",
					"$(inherited)",
				);
				GCC_WARN_64_TO_32_BIT_CONVERSION = YES;
				GCC_WARN_ABOUT_RETURN_TYPE = YES_ERROR;
				GCC_WARN_UNDECLARED_SELECTOR = YES;
				GCC_WARN_UNINITIALIZED_AUTOS = YES_AGGRESSIVE;
				GCC_WARN_UNUSED_FUNCTION = YES;
				GCC_WARN_UNUSED_VARIABLE = YES;
				IPHONEOS_DEPLOYMENT_TARGET = 9.2;
				MTL_ENABLE_DEBUG_INFO = YES;
				ONLY_ACTIVE_ARCH = YES;
				SDKROOT = iphoneos;
				SWIFT_OPTIMIZATION_LEVEL = "-Onone";
			};
			name = Debug;
		};
		B0C1847C1C8C8ED70039643A /* Release */ = {
			isa = XCBuildConfiguration;
			buildSettings = {
				ALWAYS_SEARCH_USER_PATHS = NO;
				CLANG_CXX_LANGUAGE_STANDARD = "gnu++0x";
				CLANG_CXX_LIBRARY = "libc++";
				CLANG_ENABLE_MODULES = YES;
				CLANG_ENABLE_OBJC_ARC = YES;
				CLANG_WARN_BOOL_CONVERSION = YES;
				CLANG_WARN_CONSTANT_CONVERSION = YES;
				CLANG_WARN_DIRECT_OBJC_ISA_USAGE = YES_ERROR;
				CLANG_WARN_EMPTY_BODY = YES;
				CLANG_WARN_ENUM_CONVERSION = YES;
				CLANG_WARN_INT_CONVERSION = YES;
				CLANG_WARN_OBJC_ROOT_CLASS = YES_ERROR;
				CLANG_WARN_UNREACHABLE_CODE = YES;
				CLANG_WARN__DUPLICATE_METHOD_MATCH = YES;
				"CODE_SIGN_IDENTITY[sdk=iphoneos*]" = "iPhone Developer";
				COPY_PHASE_STRIP = NO;
				DEBUG_INFORMATION_FORMAT = "dwarf-with-dsym";
				ENABLE_NS_ASSERTIONS = NO;
				ENABLE_STRICT_OBJC_MSGSEND = YES;
				GCC_C_LANGUAGE_STANDARD = gnu99;
				GCC_NO_COMMON_BLOCKS = YES;
				GCC_WARN_64_TO_32_BIT_CONVERSION = YES;
				GCC_WARN_ABOUT_RETURN_TYPE = YES_ERROR;
				GCC_WARN_UNDECLARED_SELECTOR = YES;
				GCC_WARN_UNINITIALIZED_AUTOS = YES_AGGRESSIVE;
				GCC_WARN_UNUSED_FUNCTION = YES;
				GCC_WARN_UNUSED_VARIABLE = YES;
				IPHONEOS_DEPLOYMENT_TARGET = 9.2;
				MTL_ENABLE_DEBUG_INFO = NO;
				SDKROOT = iphoneos;
				VALIDATE_PRODUCT = YES;
			};
			name = Release;
		};
		B0C1847E1C8C8ED70039643A /* Debug */ = {
			isa = XCBuildConfiguration;
			buildSettings = {
				ASSETCATALOG_COMPILER_APPICON_NAME = AppIcon;
				INFOPLIST_FILE = OnTheMap/Info.plist;
				IPHONEOS_DEPLOYMENT_TARGET = 8.0;
				LD_RUNPATH_SEARCH_PATHS = "$(inherited) @executable_path/Frameworks";
				PRODUCT_BUNDLE_IDENTIFIER = ca.sxu.OnTheMap;
				PRODUCT_NAME = "$(TARGET_NAME)";
			};
			name = Debug;
		};
		B0C1847F1C8C8ED70039643A /* Release */ = {
			isa = XCBuildConfiguration;
			buildSettings = {
				ASSETCATALOG_COMPILER_APPICON_NAME = AppIcon;
				INFOPLIST_FILE = OnTheMap/Info.plist;
				IPHONEOS_DEPLOYMENT_TARGET = 8.0;
				LD_RUNPATH_SEARCH_PATHS = "$(inherited) @executable_path/Frameworks";
				PRODUCT_BUNDLE_IDENTIFIER = ca.sxu.OnTheMap;
				PRODUCT_NAME = "$(TARGET_NAME)";
			};
			name = Release;
		};
/* End XCBuildConfiguration section */

/* Begin XCConfigurationList section */
		B0C184661C8C8ED70039643A /* Build configuration list for PBXProject "OnTheMap" */ = {
			isa = XCConfigurationList;
			buildConfigurations = (
				B0C1847B1C8C8ED70039643A /* Debug */,
				B0C1847C1C8C8ED70039643A /* Release */,
			);
			defaultConfigurationIsVisible = 0;
			defaultConfigurationName = Release;
		};
		B0C1847D1C8C8ED70039643A /* Build configuration list for PBXNativeTarget "OnTheMap" */ = {
			isa = XCConfigurationList;
			buildConfigurations = (
				B0C1847E1C8C8ED70039643A /* Debug */,
				B0C1847F1C8C8ED70039643A /* Release */,
			);
			defaultConfigurationIsVisible = 0;
			defaultConfigurationName = Release;
		};
/* End XCConfigurationList section */
	};
	rootObject = B0C184631C8C8ED70039643A /* Project object */;
}
